PODS:
  - Action (3.8.0):
    - RxCocoa (~> 4.3.0)
    - RxSwift (~> 4.3.0)
  - RxCocoa (4.3.1):
    - RxSwift (~> 4.0)
  - RxRadioPlayer (0.0.2):
    - Action (~> 3.8.0)
    - RxCocoa (~> 4.3.1)
    - RxSwift (~> 4.3.1)
    - RxSwiftExt (~> 3.3.0)
  - RxSwift (4.3.1)
  - RxSwiftExt (3.3.0):
    - RxSwiftExt/Core (= 3.3.0)
  - RxSwiftExt/Core (3.3.0):
    - RxSwift (~> 4.0)
  - SwiftLint (0.27.0)

DEPENDENCIES:
  - RxRadioPlayer (from `../`)
  - SwiftLint

SPEC REPOS:
  https://github.com/cocoapods/specs.git:
    - Action
    - RxCocoa
    - RxSwift
    - RxSwiftExt
    - SwiftLint

EXTERNAL SOURCES:
  RxRadioPlayer:
    :path: "../"

SPEC CHECKSUMS:
  Action: 2275d04a407ecaf46a58d58a304388a28155a0a1
  RxCocoa: 78763c7b07d02455598d9fc3c1ad091a28b73635
  RxRadioPlayer: 4ea491fa8b857a8234133e94fb4747ac3fe46a9e
  RxSwift: fe0fd770a43acdb7d0a53da411c9b892e69bb6e4
  RxSwiftExt: 81afb48ab0602f503147417baeb3989d64c7687d
  SwiftLint: 3207c1faa2240bf8973b191820a116113cd11073

PODFILE CHECKSUM: 154d555331f5c73477ccc21d2c031800314b6cbb

COCOAPODS: 1.5.3
