PODS:
  - RxCocoa (5.0.0):
    - RxRelay (~> 5)
    - RxSwift (~> 5)
  - RxRadioPlayer (0.1.0):
    - RxCocoa
    - RxSwift
  - RxRelay (5.0.0):
    - RxSwift (~> 5)
  - RxSwift (5.0.0)

DEPENDENCIES:
  - RxRadioPlayer (from `../`)

SPEC REPOS:
  https://github.com/cocoapods/specs.git:
    - RxCocoa
    - RxRelay
    - RxSwift

EXTERNAL SOURCES:
  RxRadioPlayer:
    :path: "../"

SPEC CHECKSUMS:
  RxCocoa: fcf32050ac00d801f34a7f71d5e8e7f23026dcd8
  RxRadioPlayer: f248cfb5bcf911cc587e07d20473689c85a3d23c
  RxRelay: 4f7409406a51a55cd88483f21ed898c234d60f18
  RxSwift: 8b0671caa829a763bbce7271095859121cbd895f

PODFILE CHECKSUM: a8e0f41945892f6985014ed6bb4f62cee51b2726

COCOAPODS: 1.7.0.rc.1
