{
  "object": {
    "pins": [
      {
        "package": "RxAVFoundation",
        "repositoryURL": "https://github.com/pawelrup/RxAVFoundation",
        "state": {
          "branch": null,
          "revision": "38528595438d6723cdcab489fb71d2994a45703e",
          "version": "1.0.0"
        }
      },
      {
        "package": "RxSwift",
        "repositoryURL": "https://github.com/ReactiveX/RxSwift",
        "state": {
          "branch": null,
          "revision": "b3e888b4972d9bc76495dd74d30a8c7fad4b9395",
          "version": "5.0.1"
        }
      }
    ]
  },
  "version": 1
}
